
Microsoft Visual Studio Solution File, Format Version 12.00
# Visual Studio Version 17
VisualStudioVersion = 17.14.36301.6
MinimumVisualStudioVersion = 10.0.40219.1
Project("{FAE04EC0-301F-11D3-BF4B-00C04F79EFBC}") = "API", "API.csproj", "{DAF47FD8-9237-4063-9AE8-C3525A3B5054}"
EndProject
Project("{FAE04EC0-301F-11D3-BF4B-00C04F79EFBC}") = "API.Tests", "API.Tests\API.Tests.csproj", "{B0FDF10F-2FDD-4919-9F5E-A4743B007E6D}"
EndProject
Global
	GlobalSection(SolutionConfigurationPlatforms) = preSolution
		Debug|Any CPU = Debug|Any CPU
		Debug|x64 = Debug|x64
		Debug|x86 = Debug|x86
		Release|Any CPU = Release|Any CPU
		Release|x64 = Release|x64
		Release|x86 = Release|x86
	EndGlobalSection
	GlobalSection(ProjectConfigurationPlatforms) = postSolution
		{DAF47FD8-9237-4063-9AE8-C3525A3B5054}.Debug|Any CPU.ActiveCfg = Debug|Any CPU
		{DAF47FD8-9237-4063-9AE8-C3525A3B5054}.Debug|Any CPU.Build.0 = Debug|Any CPU
		{DAF47FD8-9237-4063-9AE8-C3525A3B5054}.Debug|x64.ActiveCfg = Debug|Any CPU
		{DAF47FD8-9237-4063-9AE8-C3525A3B5054}.Debug|x64.Build.0 = Debug|Any CPU
		{DAF47FD8-9237-4063-9AE8-C3525A3B5054}.Debug|x86.ActiveCfg = Debug|Any CPU
		{DAF47FD8-9237-4063-9AE8-C3525A3B5054}.Debug|x86.Build.0 = Debug|Any CPU
		{DAF47FD8-9237-4063-9AE8-C3525A3B5054}.Release|Any CPU.ActiveCfg = Release|Any CPU
		{DAF47FD8-9237-4063-9AE8-C3525A3B5054}.Release|Any CPU.Build.0 = Release|Any CPU
		{DAF47FD8-9237-4063-9AE8-C3525A3B5054}.Release|x64.ActiveCfg = Release|Any CPU
		{DAF47FD8-9237-4063-9AE8-C3525A3B5054}.Release|x64.Build.0 = Release|Any CPU
		{DAF47FD8-9237-4063-9AE8-C3525A3B5054}.Release|x86.ActiveCfg = Release|Any CPU
		{DAF47FD8-9237-4063-9AE8-C3525A3B5054}.Release|x86.Build.0 = Release|Any CPU
		{B0FDF10F-2FDD-4919-9F5E-A4743B007E6D}.Debug|Any CPU.ActiveCfg = Debug|Any CPU
		{B0FDF10F-2FDD-4919-9F5E-A4743B007E6D}.Debug|Any CPU.Build.0 = Debug|Any CPU
		{B0FDF10F-2FDD-4919-9F5E-A4743B007E6D}.Debug|x64.ActiveCfg = Debug|Any CPU
		{B0FDF10F-2FDD-4919-9F5E-A4743B007E6D}.Debug|x64.Build.0 = Debug|Any CPU
		{B0FDF10F-2FDD-4919-9F5E-A4743B007E6D}.Debug|x86.ActiveCfg = Debug|Any CPU
		{B0FDF10F-2FDD-4919-9F5E-A4743B007E6D}.Debug|x86.Build.0 = Debug|Any CPU
		{B0FDF10F-2FDD-4919-9F5E-A4743B007E6D}.Release|Any CPU.ActiveCfg = Release|Any CPU
		{B0FDF10F-2FDD-4919-9F5E-A4743B007E6D}.Release|Any CPU.Build.0 = Release|Any CPU
		{B0FDF10F-2FDD-4919-9F5E-A4743B007E6D}.Release|x64.ActiveCfg = Release|Any CPU
		{B0FDF10F-2FDD-4919-9F5E-A4743B007E6D}.Release|x64.Build.0 = Release|Any CPU
		{B0FDF10F-2FDD-4919-9F5E-A4743B007E6D}.Release|x86.ActiveCfg = Release|Any CPU
		{B0FDF10F-2FDD-4919-9F5E-A4743B007E6D}.Release|x86.Build.0 = Release|Any CPU
	EndGlobalSection
	GlobalSection(SolutionProperties) = preSolution
		HideSolutionNode = FALSE
	EndGlobalSection
	GlobalSection(ExtensibilityGlobals) = postSolution
		SolutionGuid = {3DEF0A1D-8F1E-4364-9EE5-7FD28D341BCA}
	EndGlobalSection
EndGlobal
