
Microsoft Visual Studio Solution File, Format Version 12.00
# Visual Studio Version 17
VisualStudioVersion = 17.14.36301.6 d17.14
MinimumVisualStudioVersion = 10.0.40219.1
Project("{FAE04EC0-301F-11D3-BF4B-00C04F79EFBC}") = "API", "API.csproj", "{DAF47FD8-9237-4063-9AE8-C3525A3B5054}"
EndProject
Global
	GlobalSection(SolutionConfigurationPlatforms) = preSolution
		Debug|Any CPU = Debug|Any CPU
		Release|Any CPU = Release|Any CPU
	EndGlobalSection
	GlobalSection(ProjectConfigurationPlatforms) = postSolution
		{DAF47FD8-9237-4063-9AE8-C3525A3B5054}.Debug|Any CPU.ActiveCfg = Debug|Any CPU
		{DAF47FD8-9237-4063-9AE8-C3525A3B5054}.Debug|Any CPU.Build.0 = Debug|Any CPU
		{DAF47FD8-9237-4063-9AE8-C3525A3B5054}.Release|Any CPU.ActiveCfg = Release|Any CPU
		{DAF47FD8-9237-4063-9AE8-C3525A3B5054}.Release|Any CPU.Build.0 = Release|Any CPU
	EndGlobalSection
	GlobalSection(SolutionProperties) = preSolution
		HideSolutionNode = FALSE
	EndGlobalSection
	GlobalSection(ExtensibilityGlobals) = postSolution
		SolutionGuid = {3DEF0A1D-8F1E-4364-9EE5-7FD28D341BCA}
	EndGlobalSection
EndGlobal
